
Microsoft Visual Studio Solution File, Format Version 12.00
# Visual Studio Version 17
VisualStudioVersion = 17.11.35327.3
MinimumVisualStudioVersion = 10.0.40219.1
Project("{9A19103F-16F7-4668-BE54-9A1E7A4F7556}") = "ProductApiIIS", "ProductApiIIS\ProductApiIIS.csproj", "{328AFE00-91F3-4D8C-B6D8-3797CEBCA825}"
EndProject
Project("{9A19103F-16F7-4668-BE54-9A1E7A4F7556}") = "ProductMVCIIS", "ProductMVCIIS\ProductMVCIIS.csproj", "{153D558C-BCD9-481F-BF39-1547EBE9102C}"
	ProjectSection(ProjectDependencies) = postProject
		{328AFE00-91F3-4D8C-B6D8-3797CEBCA825} = {328AFE00-91F3-4D8C-B6D8-3797CEBCA825}
	EndProjectSection
EndProject
Project("{2150E333-8FDC-42A3-9474-1A3956D46DE8}") = "Элементы решения", "Элементы решения", "{ED0B08FC-BA82-4D0A-A4A8-545ACA1FE766}"
	ProjectSection(SolutionItems) = preProject
		InitDB.sql = InitDB.sql
	EndProjectSection
EndProject
Global
	GlobalSection(SolutionConfigurationPlatforms) = preSolution
		Debug|Any CPU = Debug|Any CPU
		Release|Any CPU = Release|Any CPU
	EndGlobalSection
	GlobalSection(ProjectConfigurationPlatforms) = postSolution
		{328AFE00-91F3-4D8C-B6D8-3797CEBCA825}.Debug|Any CPU.ActiveCfg = Debug|Any CPU
		{328AFE00-91F3-4D8C-B6D8-3797CEBCA825}.Debug|Any CPU.Build.0 = Debug|Any CPU
		{328AFE00-91F3-4D8C-B6D8-3797CEBCA825}.Release|Any CPU.ActiveCfg = Release|Any CPU
		{328AFE00-91F3-4D8C-B6D8-3797CEBCA825}.Release|Any CPU.Build.0 = Release|Any CPU
		{153D558C-BCD9-481F-BF39-1547EBE9102C}.Debug|Any CPU.ActiveCfg = Debug|Any CPU
		{153D558C-BCD9-481F-BF39-1547EBE9102C}.Debug|Any CPU.Build.0 = Debug|Any CPU
		{153D558C-BCD9-481F-BF39-1547EBE9102C}.Release|Any CPU.ActiveCfg = Release|Any CPU
		{153D558C-BCD9-481F-BF39-1547EBE9102C}.Release|Any CPU.Build.0 = Release|Any CPU
	EndGlobalSection
	GlobalSection(SolutionProperties) = preSolution
		HideSolutionNode = FALSE
	EndGlobalSection
	GlobalSection(ExtensibilityGlobals) = postSolution
		SolutionGuid = {052579F9-66C0-400D-99E7-A1245478F026}
	EndGlobalSection
EndGlobal
